
Microsoft Visual Studio Solution File, Format Version 12.00
# Visual Studio Version 16
VisualStudioVersion = 16.0.30002.166
MinimumVisualStudioVersion = 10.0.40219.1
Project("{8BC9CEB8-8B4A-11D0-8D11-00A0C91BC942}") = "Atencion al Alumno", "Atencion al Alumno\Atencion al Alumno.vcxproj", "{449C4C94-1A67-483A-8B30-44E9D62FD99D}"
EndProject
Global
	GlobalSection(SolutionConfigurationPlatforms) = preSolution
		Debug|x64 = Debug|x64
		Debug|x86 = Debug|x86
		Release|x64 = Release|x64
		Release|x86 = Release|x86
	EndGlobalSection
	GlobalSection(ProjectConfigurationPlatforms) = postSolution
		{449C4C94-1A67-483A-8B30-44E9D62FD99D}.Debug|x64.ActiveCfg = Debug|x64
		{449C4C94-1A67-483A-8B30-44E9D62FD99D}.Debug|x64.Build.0 = Debug|x64
		{449C4C94-1A67-483A-8B30-44E9D62FD99D}.Debug|x86.ActiveCfg = Debug|Win32
		{449C4C94-1A67-483A-8B30-44E9D62FD99D}.Debug|x86.Build.0 = Debug|Win32
		{449C4C94-1A67-483A-8B30-44E9D62FD99D}.Release|x64.ActiveCfg = Release|x64
		{449C4C94-1A67-483A-8B30-44E9D62FD99D}.Release|x64.Build.0 = Release|x64
		{449C4C94-1A67-483A-8B30-44E9D62FD99D}.Release|x86.ActiveCfg = Release|Win32
		{449C4C94-1A67-483A-8B30-44E9D62FD99D}.Release|x86.Build.0 = Release|Win32
	EndGlobalSection
	GlobalSection(SolutionProperties) = preSolution
		HideSolutionNode = FALSE
	EndGlobalSection
	GlobalSection(ExtensibilityGlobals) = postSolution
		SolutionGuid = {135668B3-C151-483D-AB34-0B49596BB559}
	EndGlobalSection
EndGlobal
